
Microsoft Visual Studio Solution File, Format Version 12.00
# Visual Studio 15
Project("{FAE04EC0-301F-11D3-BF4B-00C04F79EFBC}") = "AudioTouristGuide.WebAPI", "AudioTouristGuide.WebAPI\AudioTouristGuide.WebAPI.csproj", "{7F8A475D-FC8A-4CE8-A6A4-62D977B90B91}"
EndProject
Project("{2150E333-8FDC-42A3-9474-1A3956D46DE8}") = "MobileApp", "MobileApp", "{3EC33E96-D534-450D-95A1-B14CDBB4B023}"
EndProject
Project("{FAE04EC0-301F-11D3-BF4B-00C04F79EFBC}") = "AudioTouristGuide.DTO", "AudioTouristGuide.DTO\AudioTouristGuide.DTO.csproj", "{D5A6B168-6B31-4ED4-9463-C22213EE0E53}"
EndProject
Global
	GlobalSection(SolutionConfigurationPlatforms) = preSolution
		Debug|x86 = Debug|x86
		Release|x86 = Release|x86
		Debug|iPhoneSimulator = Debug|iPhoneSimulator
		Release|iPhoneSimulator = Release|iPhoneSimulator
		Debug|iPhone = Debug|iPhone
		Release|iPhone = Release|iPhone
	EndGlobalSection
	GlobalSection(ProjectConfigurationPlatforms) = postSolution
		{7F8A475D-FC8A-4CE8-A6A4-62D977B90B91}.Debug|x86.ActiveCfg = Debug|Any CPU
		{7F8A475D-FC8A-4CE8-A6A4-62D977B90B91}.Debug|x86.Build.0 = Debug|Any CPU
		{7F8A475D-FC8A-4CE8-A6A4-62D977B90B91}.Release|x86.ActiveCfg = Release|Any CPU
		{7F8A475D-FC8A-4CE8-A6A4-62D977B90B91}.Release|x86.Build.0 = Release|Any CPU
		{7F8A475D-FC8A-4CE8-A6A4-62D977B90B91}.Debug|iPhoneSimulator.ActiveCfg = Debug|Any CPU
		{7F8A475D-FC8A-4CE8-A6A4-62D977B90B91}.Debug|iPhoneSimulator.Build.0 = Debug|Any CPU
		{7F8A475D-FC8A-4CE8-A6A4-62D977B90B91}.Release|iPhoneSimulator.ActiveCfg = Release|Any CPU
		{7F8A475D-FC8A-4CE8-A6A4-62D977B90B91}.Release|iPhoneSimulator.Build.0 = Release|Any CPU
		{7F8A475D-FC8A-4CE8-A6A4-62D977B90B91}.Debug|iPhone.ActiveCfg = Debug|Any CPU
		{7F8A475D-FC8A-4CE8-A6A4-62D977B90B91}.Debug|iPhone.Build.0 = Debug|Any CPU
		{7F8A475D-FC8A-4CE8-A6A4-62D977B90B91}.Release|iPhone.ActiveCfg = Release|Any CPU
		{7F8A475D-FC8A-4CE8-A6A4-62D977B90B91}.Release|iPhone.Build.0 = Release|Any CPU
		{D5A6B168-6B31-4ED4-9463-C22213EE0E53}.Debug|x86.ActiveCfg = Debug|Any CPU
		{D5A6B168-6B31-4ED4-9463-C22213EE0E53}.Debug|x86.Build.0 = Debug|Any CPU
		{D5A6B168-6B31-4ED4-9463-C22213EE0E53}.Release|x86.ActiveCfg = Release|Any CPU
		{D5A6B168-6B31-4ED4-9463-C22213EE0E53}.Release|x86.Build.0 = Release|Any CPU
		{D5A6B168-6B31-4ED4-9463-C22213EE0E53}.Debug|iPhoneSimulator.ActiveCfg = Debug|Any CPU
		{D5A6B168-6B31-4ED4-9463-C22213EE0E53}.Debug|iPhoneSimulator.Build.0 = Debug|Any CPU
		{D5A6B168-6B31-4ED4-9463-C22213EE0E53}.Release|iPhoneSimulator.ActiveCfg = Release|Any CPU
		{D5A6B168-6B31-4ED4-9463-C22213EE0E53}.Release|iPhoneSimulator.Build.0 = Release|Any CPU
		{D5A6B168-6B31-4ED4-9463-C22213EE0E53}.Debug|iPhone.ActiveCfg = Debug|Any CPU
		{D5A6B168-6B31-4ED4-9463-C22213EE0E53}.Debug|iPhone.Build.0 = Debug|Any CPU
		{D5A6B168-6B31-4ED4-9463-C22213EE0E53}.Release|iPhone.ActiveCfg = Release|Any CPU
		{D5A6B168-6B31-4ED4-9463-C22213EE0E53}.Release|iPhone.Build.0 = Release|Any CPU
	EndGlobalSection
	GlobalSection(NestedProjects) = preSolution
	EndGlobalSection
EndGlobal
